
Microsoft Visual Studio Solution File, Format Version 12.00
# Visual Studio 15
VisualStudioVersion = 15.0.28307.572
MinimumVisualStudioVersion = 10.0.40219.1
Project("{FAE04EC0-301F-11D3-BF4B-00C04F79EFBC}") = "Fibonacci", "Fibonacci\Fibonacci.csproj", "{05B3DC43-A207-4078-82EC-44018F120458}"
EndProject
Global
	GlobalSection(SolutionConfigurationPlatforms) = preSolution
		Debug|Any CPU = Debug|Any CPU
		Release|Any CPU = Release|Any CPU
	EndGlobalSection
	GlobalSection(ProjectConfigurationPlatforms) = postSolution
		{05B3DC43-A207-4078-82EC-44018F120458}.Debug|Any CPU.ActiveCfg = Debug|Any CPU
		{05B3DC43-A207-4078-82EC-44018F120458}.Debug|Any CPU.Build.0 = Debug|Any CPU
		{05B3DC43-A207-4078-82EC-44018F120458}.Release|Any CPU.ActiveCfg = Release|Any CPU
		{05B3DC43-A207-4078-82EC-44018F120458}.Release|Any CPU.Build.0 = Release|Any CPU
	EndGlobalSection
	GlobalSection(SolutionProperties) = preSolution
		HideSolutionNode = FALSE
	EndGlobalSection
	GlobalSection(ExtensibilityGlobals) = postSolution
		SolutionGuid = {EE92E67B-ED87-4003-8DF4-E59C7E98B822}
	EndGlobalSection
EndGlobal
